
Microsoft Visual Studio Solution File, Format Version 12.00
# Visual Studio Version 17
VisualStudioVersion = 17.6.33829.357
MinimumVisualStudioVersion = 10.0.40219.1
Project("{FAE04EC0-301F-11D3-BF4B-00C04F79EFBC}") = "4DOT_RATT", "4DOT_RATT.csproj", "{8732796C-CC26-4B8D-87FC-D114ECD38B8E}"
EndProject
Global
	GlobalSection(SolutionConfigurationPlatforms) = preSolution
		Debug|Any CPU = Debug|Any CPU
		Release|Any CPU = Release|Any CPU
	EndGlobalSection
	GlobalSection(ProjectConfigurationPlatforms) = postSolution
		{8732796C-CC26-4B8D-87FC-D114ECD38B8E}.Debug|Any CPU.ActiveCfg = Debug|Any CPU
		{8732796C-CC26-4B8D-87FC-D114ECD38B8E}.Debug|Any CPU.Build.0 = Debug|Any CPU
		{8732796C-CC26-4B8D-87FC-D114ECD38B8E}.Release|Any CPU.ActiveCfg = Release|Any CPU
		{8732796C-CC26-4B8D-87FC-D114ECD38B8E}.Release|Any CPU.Build.0 = Release|Any CPU
	EndGlobalSection
	GlobalSection(SolutionProperties) = preSolution
		HideSolutionNode = FALSE
	EndGlobalSection
	GlobalSection(ExtensibilityGlobals) = postSolution
		SolutionGuid = {6DC5126C-4986-4853-A01E-DA191FD5494E}
	EndGlobalSection
EndGlobal
